<?xml version="1.0" encoding="utf-8"?>
<Project ToolsVersion="4.0" xmlns="http://schemas.microsoft.com/developer/msbuild/2003">
  <ItemGroup>
    <ClCompile Include="main.cpp" />
    <ClCompile Include="iscript.cpp" />
    <ClCompile Include="opcode.cpp" />
  </ItemGroup>
  <ItemGroup>
    <ClInclude Include="iscript_opcode.h" />
    <ClInclude Include="iscript.h" />
  </ItemGroup>
</Project>